
Microsoft Visual Studio Solution File, Format Version 12.00
# Visual Studio Version 17
VisualStudioVersion = 17.5.33424.131
MinimumVisualStudioVersion = 10.0.40219.1
Project("{FAE04EC0-301F-11D3-BF4B-00C04F79EFBC}") = "State_03.04.2023", "State_03.04.2023\State_03.04.2023.csproj", "{4877195F-2557-43CD-9726-880123A51EE3}"
EndProject
Global
	GlobalSection(SolutionConfigurationPlatforms) = preSolution
		Debug|Any CPU = Debug|Any CPU
		Release|Any CPU = Release|Any CPU
	EndGlobalSection
	GlobalSection(ProjectConfigurationPlatforms) = postSolution
		{4877195F-2557-43CD-9726-880123A51EE3}.Debug|Any CPU.ActiveCfg = Debug|Any CPU
		{4877195F-2557-43CD-9726-880123A51EE3}.Debug|Any CPU.Build.0 = Debug|Any CPU
		{4877195F-2557-43CD-9726-880123A51EE3}.Release|Any CPU.ActiveCfg = Release|Any CPU
		{4877195F-2557-43CD-9726-880123A51EE3}.Release|Any CPU.Build.0 = Release|Any CPU
	EndGlobalSection
	GlobalSection(SolutionProperties) = preSolution
		HideSolutionNode = FALSE
	EndGlobalSection
	GlobalSection(ExtensibilityGlobals) = postSolution
		SolutionGuid = {5322EEDB-83E6-4F56-8F78-4924AF173385}
	EndGlobalSection
EndGlobal
